{
  "object": {
    "pins": [
      {
        "package": "ECTimelineView",
        "repositoryURL": "https://github.com/EvanCooper9/ECTimelineView",
        "state": {
          "branch": null,
          "revision": "cbd8cabf87097442898976ae728fad5c0b381055",
          "version": "1.0.0"
        }
      },
      {
        "package": "SwiftDate",
        "repositoryURL": "https://github.com/malcommac/SwiftDate.git",
        "state": {
          "branch": null,
          "revision": "ed308a5afb97a3874300b761dad6e9966269e3e7",
          "version": "5.1.0"
        }
      }
    ]
  },
  "version": 1
}
