// !$*UTF8*$!
{
	archiveVersion = 1;
	classes = {
	};
	objectVersion = 52;
	objects = {

/* Begin PBXBuildFile section */
		C1BAF3D525CE482500DB2116 /* ECWeekViewExampleApp.swift in Sources */ = {isa = PBXBuildFile; fileRef = C1BAF3D425CE482500DB2116 /* ECWeekViewExampleApp.swift */; };
		C1BAF3D925CE482500DB2116 /* Assets.xcassets in Resources */ = {isa = PBXBuildFile; fileRef = C1BAF3D825CE482500DB2116 /* Assets.xcassets */; };
		C1BAF3DC25CE482500DB2116 /* Preview Assets.xcassets in Resources */ = {isa = PBXBuildFile; fileRef = C1BAF3DB25CE482500DB2116 /* Preview Assets.xcassets */; };
		C1BAF3E925CE487300DB2116 /* ECWeekView in Frameworks */ = {isa = PBXBuildFile; productRef = C1BAF3E825CE487300DB2116 /* ECWeekView */; };
		C1BAF3EA25CE487300DB2116 /* ECWeekView in Embed Frameworks */ = {isa = PBXBuildFile; productRef = C1BAF3E825CE487300DB2116 /* ECWeekView */; settings = {ATTRIBUTES = (CodeSignOnCopy, ); }; };
/* End PBXBuildFile section */

/* Begin PBXCopyFilesBuildPhase section */
		C1BAF3EB25CE487300DB2116 /* Embed Frameworks */ = {
			isa = PBXCopyFilesBuildPhase;
			buildActionMask = 2147483647;
			dstPath = "";
			dstSubfolderSpec = 10;
			files = (
				C1BAF3EA25CE487300DB2116 /* ECWeekView in Embed Frameworks */,
			);
			name = "Embed Frameworks";
			runOnlyForDeploymentPostprocessing = 0;
		};
/* End PBXCopyFilesBuildPhase section */

/* Begin PBXFileReference section */
		C1BAF3D125CE482500DB2116 /* ECWeekViewExample.app */ = {isa = PBXFileReference; explicitFileType = wrapper.application; includeInIndex = 0; path = ECWeekViewExample.app; sourceTree = BUILT_PRODUCTS_DIR; };
		C1BAF3D425CE482500DB2116 /* ECWeekViewExampleApp.swift */ = {isa = PBXFileReference; lastKnownFileType = sourcecode.swift; path = ECWeekViewExampleApp.swift; sourceTree = "<group>"; };
		C1BAF3D825CE482500DB2116 /* Assets.xcassets */ = {isa = PBXFileReference; lastKnownFileType = folder.assetcatalog; path = Assets.xcassets; sourceTree = "<group>"; };
		C1BAF3DB25CE482500DB2116 /* Preview Assets.xcassets */ = {isa = PBXFileReference; lastKnownFileType = folder.assetcatalog; path = "Preview Assets.xcassets"; sourceTree = "<group>"; };
		C1BAF3DD25CE482500DB2116 /* Info.plist */ = {isa = PBXFileReference; lastKnownFileType = text.plist.xml; path = Info.plist; sourceTree = "<group>"; };
		C1BAF3E525CE486B00DB2116 /* swift-week-view */ = {isa = PBXFileReference; lastKnownFileType = folder; name = "swift-week-view"; path = ..; sourceTree = "<group>"; };
/* End PBXFileReference section */

/* Begin PBXFrameworksBuildPhase section */
		C1BAF3CE25CE482500DB2116 /* Frameworks */ = {
			isa = PBXFrameworksBuildPhase;
			buildActionMask = 2147483647;
			files = (
				C1BAF3E925CE487300DB2116 /* ECWeekView in Frameworks */,
			);
			runOnlyForDeploymentPostprocessing = 0;
		};
/* End PBXFrameworksBuildPhase section */

/* Begin PBXGroup section */
		C1BAF3C825CE482500DB2116 = {
			isa = PBXGroup;
			children = (
				C1BAF3E525CE486B00DB2116 /* swift-week-view */,
				C1BAF3D325CE482500DB2116 /* ECWeekViewExample */,
				C1BAF3D225CE482500DB2116 /* Products */,
				C1BAF3E725CE487300DB2116 /* Frameworks */,
			);
			sourceTree = "<group>";
		};
		C1BAF3D225CE482500DB2116 /* Products */ = {
			isa = PBXGroup;
			children = (
				C1BAF3D125CE482500DB2116 /* ECWeekViewExample.app */,
			);
			name = Products;
			sourceTree = "<group>";
		};
		C1BAF3D325CE482500DB2116 /* ECWeekViewExample */ = {
			isa = PBXGroup;
			children = (
				C1BAF3D425CE482500DB2116 /* ECWeekViewExampleApp.swift */,
				C1BAF3D825CE482500DB2116 /* Assets.xcassets */,
				C1BAF3DD25CE482500DB2116 /* Info.plist */,
				C1BAF3DA25CE482500DB2116 /* Preview Content */,
			);
			path = ECWeekViewExample;
			sourceTree = "<group>";
		};
		C1BAF3DA25CE482500DB2116 /* Preview Content */ = {
			isa = PBXGroup;
			children = (
				C1BAF3DB25CE482500DB2116 /* Preview Assets.xcassets */,
			);
			path = "Preview Content";
			sourceTree = "<group>";
		};
		C1BAF3E725CE487300DB2116 /* Frameworks */ = {
			isa = PBXGroup;
			children = (
			);
			name = Frameworks;
			sourceTree = "<group>";
		};
/* End PBXGroup section */

/* Begin PBXNativeTarget section */
		C1BAF3D025CE482500DB2116 /* ECWeekViewExample */ = {
			isa = PBXNativeTarget;
			buildConfigurationList = C1BAF3E025CE482500DB2116 /* Build configuration list for PBXNativeTarget "ECWeekViewExample" */;
			buildPhases = (
				C1BAF3CD25CE482500DB2116 /* Sources */,
				C1BAF3CE25CE482500DB2116 /* Frameworks */,
				C1BAF3CF25CE482500DB2116 /* Resources */,
				C1BAF3EB25CE487300DB2116 /* Embed Frameworks */,
			);
			buildRules = (
			);
			dependencies = (
			);
			name = ECWeekViewExample;
			packageProductDependencies = (
				C1BAF3E825CE487300DB2116 /* ECWeekView */,
			);
			productName = ECWeekViewExample;
			productReference = C1BAF3D125CE482500DB2116 /* ECWeekViewExample.app */;
			productType = "com.apple.product-type.application";
		};
/* End PBXNativeTarget section */

/* Begin PBXProject section */
		C1BAF3C925CE482500DB2116 /* Project object */ = {
			isa = PBXProject;
			attributes = {
				LastSwiftUpdateCheck = 1240;
				LastUpgradeCheck = 1240;
				TargetAttributes = {
					C1BAF3D025CE482500DB2116 = {
						CreatedOnToolsVersion = 12.4;
					};
				};
			};
			buildConfigurationList = C1BAF3CC25CE482500DB2116 /* Build configuration list for PBXProject "ECWeekViewExample" */;
			compatibilityVersion = "Xcode 9.3";
			developmentRegion = en;
			hasScannedForEncodings = 0;
			knownRegions = (
				en,
				Base,
			);
			mainGroup = C1BAF3C825CE482500DB2116;
			productRefGroup = C1BAF3D225CE482500DB2116 /* Products */;
			projectDirPath = "";
			projectRoot = "";
			targets = (
				C1BAF3D025CE482500DB2116 /* ECWeekViewExample */,
			);
		};
/* End PBXProject section */

/* Begin PBXResourcesBuildPhase section */
		C1BAF3CF25CE482500DB2116 /* Resources */ = {
			isa = PBXResourcesBuildPhase;
			buildActionMask = 2147483647;
			files = (
				C1BAF3DC25CE482500DB2116 /* Preview Assets.xcassets in Resources */,
				C1BAF3D925CE482500DB2116 /* Assets.xcassets in Resources */,
			);
			runOnlyForDeploymentPostprocessing = 0;
		};
/* End PBXResourcesBuildPhase section */

/* Begin PBXSourcesBuildPhase section */
		C1BAF3CD25CE482500DB2116 /* Sources */ = {
			isa = PBXSourcesBuildPhase;
			buildActionMask = 2147483647;
			files = (
				C1BAF3D525CE482500DB2116 /* ECWeekViewExampleApp.swift in Sources */,
			);
			runOnlyForDeploymentPostprocessing = 0;
		};
/* End PBXSourcesBuildPhase section */

/* Begin XCBuildConfiguration section */
		C1BAF3DE25CE482500DB2116 /* Debug */ = {
			isa = XCBuildConfiguration;
			buildSettings = {
				ALWAYS_SEARCH_USER_PATHS = NO;
				CLANG_ANALYZER_NONNULL = YES;
				CLANG_ANALYZER_NUMBER_OBJECT_CONVERSION = YES_AGGRESSIVE;
				CLANG_CXX_LANGUAGE_STANDARD = "gnu++14";
				CLANG_CXX_LIBRARY = "libc++";
				CLANG_ENABLE_MODULES = YES;
				CLANG_ENABLE_OBJC_ARC = YES;
				CLANG_ENABLE_OBJC_WEAK = YES;
				CLANG_WARN_BLOCK_CAPTURE_AUTORELEASING = YES;
				CLANG_WARN_BOOL_CONVERSION = YES;
				CLANG_WARN_COMMA = YES;
				CLANG_WARN_CONSTANT_CONVERSION = YES;
				CLANG_WARN_DEPRECATED_OBJC_IMPLEMENTATIONS = YES;
				CLANG_WARN_DIRECT_OBJC_ISA_USAGE = YES_ERROR;
				CLANG_WARN_DOCUMENTATION_COMMENTS = YES;
				CLANG_WARN_EMPTY_BODY = YES;
				CLANG_WARN_ENUM_CONVERSION = YES;
				CLANG_WARN_INFINITE_RECURSION = YES;
				CLANG_WARN_INT_CONVERSION = YES;
				CLANG_WARN_NON_LITERAL_NULL_CONVERSION = YES;
				CLANG_WARN_OBJC_IMPLICIT_RETAIN_SELF = YES;
				CLANG_WARN_OBJC_LITERAL_CONVERSION = YES;
				CLANG_WARN_OBJC_ROOT_CLASS = YES_ERROR;
				CLANG_WARN_QUOTED_INCLUDE_IN_FRAMEWORK_HEADER = YES;
				CLANG_WARN_RANGE_LOOP_ANALYSIS = YES;
				CLANG_WARN_STRICT_PROTOTYPES = YES;
				CLANG_WARN_SUSPICIOUS_MOVE = YES;
				CLANG_WARN_UNGUARDED_AVAILABILITY = YES_AGGRESSIVE;
				CLANG_WARN_UNREACHABLE_CODE = YES;
				CLANG_WARN__DUPLICATE_METHOD_MATCH = YES;
				COPY_PHASE_STRIP = NO;
				DEBUG_INFORMATION_FORMAT = dwarf;
				ENABLE_STRICT_OBJC_MSGSEND = YES;
				ENABLE_TESTABILITY = YES;
				GCC_C_LANGUAGE_STANDARD = gnu11;
				GCC_DYNAMIC_NO_PIC = NO;
				GCC_NO_COMMON_BLOCKS = YES;
				GCC_OPTIMIZATION_LEVEL = 0;
				GCC_PREPROCESSOR_DEFINITIONS = (
					"DEBUG=1",
					"$(inherited)",
				);
				GCC_WARN_64_TO_32_BIT_CONVERSION = YES;
				GCC_WARN_ABOUT_RETURN_TYPE = YES_ERROR;
				GCC_WARN_UNDECLARED_SELECTOR = YES;
				GCC_WARN_UNINITIALIZED_AUTOS = YES_AGGRESSIVE;
				GCC_WARN_UNUSED_FUNCTION = YES;
				GCC_WARN_UNUSED_VARIABLE = YES;
				IPHONEOS_DEPLOYMENT_TARGET = 14.4;
				MTL_ENABLE_DEBUG_INFO = INCLUDE_SOURCE;
				MTL_FAST_MATH = YES;
				ONLY_ACTIVE_ARCH = YES;
				SDKROOT = iphoneos;
				SWIFT_ACTIVE_COMPILATION_CONDITIONS = DEBUG;
				SWIFT_OPTIMIZATION_LEVEL = "-Onone";
			};
			name = Debug;
		};
		C1BAF3DF25CE482500DB2116 /* Release */ = {
			isa = XCBuildConfiguration;
			buildSettings = {
				ALWAYS_SEARCH_USER_PATHS = NO;
				CLANG_ANALYZER_NONNULL = YES;
				CLANG_ANALYZER_NUMBER_OBJECT_CONVERSION = YES_AGGRESSIVE;
				CLANG_CXX_LANGUAGE_STANDARD = "gnu++14";
				CLANG_CXX_LIBRARY = "libc++";
				CLANG_ENABLE_MODULES = YES;
				CLANG_ENABLE_OBJC_ARC = YES;
				CLANG_ENABLE_OBJC_WEAK = YES;
				CLANG_WARN_BLOCK_CAPTURE_AUTORELEASING = YES;
				CLANG_WARN_BOOL_CONVERSION = YES;
				CLANG_WARN_COMMA = YES;
				CLANG_WARN_CONSTANT_CONVERSION = YES;
				CLANG_WARN_DEPRECATED_OBJC_IMPLEMENTATIONS = YES;
				CLANG_WARN_DIRECT_OBJC_ISA_USAGE = YES_ERROR;
				CLANG_WARN_DOCUMENTATION_COMMENTS = YES;
				CLANG_WARN_EMPTY_BODY = YES;
				CLANG_WARN_ENUM_CONVERSION = YES;
				CLANG_WARN_INFINITE_RECURSION = YES;
				CLANG_WARN_INT_CONVERSION = YES;
				CLANG_WARN_NON_LITERAL_NULL_CONVERSION = YES;
				CLANG_WARN_OBJC_IMPLICIT_RETAIN_SELF = YES;
				CLANG_WARN_OBJC_LITERAL_CONVERSION = YES;
				CLANG_WARN_OBJC_ROOT_CLASS = YES_ERROR;
				CLANG_WARN_QUOTED_INCLUDE_IN_FRAMEWORK_HEADER = YES;
				CLANG_WARN_RANGE_LOOP_ANALYSIS = YES;
				CLANG_WARN_STRICT_PROTOTYPES = YES;
				CLANG_WARN_SUSPICIOUS_MOVE = YES;
				CLANG_WARN_UNGUARDED_AVAILABILITY = YES_AGGRESSIVE;
				CLANG_WARN_UNREACHABLE_CODE = YES;
				CLANG_WARN__DUPLICATE_METHOD_MATCH = YES;
				COPY_PHASE_STRIP = NO;
				DEBUG_INFORMATION_FORMAT = "dwarf-with-dsym";
				ENABLE_NS_ASSERTIONS = NO;
				ENABLE_STRICT_OBJC_MSGSEND = YES;
				GCC_C_LANGUAGE_STANDARD = gnu11;
				GCC_NO_COMMON_BLOCKS = YES;
				GCC_WARN_64_TO_32_BIT_CONVERSION = YES;
				GCC_WARN_ABOUT_RETURN_TYPE = YES_ERROR;
				GCC_WARN_UNDECLARED_SELECTOR = YES;
				GCC_WARN_UNINITIALIZED_AUTOS = YES_AGGRESSIVE;
				GCC_WARN_UNUSED_FUNCTION = YES;
				GCC_WARN_UNUSED_VARIABLE = YES;
				IPHONEOS_DEPLOYMENT_TARGET = 14.4;
				MTL_ENABLE_DEBUG_INFO = NO;
				MTL_FAST_MATH = YES;
				SDKROOT = iphoneos;
				SWIFT_COMPILATION_MODE = wholemodule;
				SWIFT_OPTIMIZATION_LEVEL = "-O";
				VALIDATE_PRODUCT = YES;
			};
			name = Release;
		};
		C1BAF3E125CE482500DB2116 /* Debug */ = {
			isa = XCBuildConfiguration;
			buildSettings = {
				ASSETCATALOG_COMPILER_APPICON_NAME = AppIcon;
				ASSETCATALOG_COMPILER_GLOBAL_ACCENT_COLOR_NAME = AccentColor;
				CODE_SIGN_STYLE = Automatic;
				DEVELOPMENT_ASSET_PATHS = "\"ECWeekViewExample/Preview Content\"";
				DEVELOPMENT_TEAM = HP22MNWU5C;
				ENABLE_PREVIEWS = YES;
				INFOPLIST_FILE = ECWeekViewExample/Info.plist;
				IPHONEOS_DEPLOYMENT_TARGET = 14.0;
				LD_RUNPATH_SEARCH_PATHS = (
					"$(inherited)",
					"@executable_path/Frameworks",
				);
				PRODUCT_BUNDLE_IDENTIFIER = com.evancooper.ECWeekViewExample;
				PRODUCT_NAME = "$(TARGET_NAME)";
				SWIFT_VERSION = 5.0;
				TARGETED_DEVICE_FAMILY = "1,2";
			};
			name = Debug;
		};
		C1BAF3E225CE482500DB2116 /* Release */ = {
			isa = XCBuildConfiguration;
			buildSettings = {
				ASSETCATALOG_COMPILER_APPICON_NAME = AppIcon;
				ASSETCATALOG_COMPILER_GLOBAL_ACCENT_COLOR_NAME = AccentColor;
				CODE_SIGN_STYLE = Automatic;
				DEVELOPMENT_ASSET_PATHS = "\"ECWeekViewExample/Preview Content\"";
				DEVELOPMENT_TEAM = HP22MNWU5C;
				ENABLE_PREVIEWS = YES;
				INFOPLIST_FILE = ECWeekViewExample/Info.plist;
				IPHONEOS_DEPLOYMENT_TARGET = 14.0;
				LD_RUNPATH_SEARCH_PATHS = (
					"$(inherited)",
					"@executable_path/Frameworks",
				);
				PRODUCT_BUNDLE_IDENTIFIER = com.evancooper.ECWeekViewExample;
				PRODUCT_NAME = "$(TARGET_NAME)";
				SWIFT_VERSION = 5.0;
				TARGETED_DEVICE_FAMILY = "1,2";
			};
			name = Release;
		};
/* End XCBuildConfiguration section */

/* Begin XCConfigurationList section */
		C1BAF3CC25CE482500DB2116 /* Build configuration list for PBXProject "ECWeekViewExample" */ = {
			isa = XCConfigurationList;
			buildConfigurations = (
				C1BAF3DE25CE482500DB2116 /* Debug */,
				C1BAF3DF25CE482500DB2116 /* Release */,
			);
			defaultConfigurationIsVisible = 0;
			defaultConfigurationName = Release;
		};
		C1BAF3E025CE482500DB2116 /* Build configuration list for PBXNativeTarget "ECWeekViewExample" */ = {
			isa = XCConfigurationList;
			buildConfigurations = (
				C1BAF3E125CE482500DB2116 /* Debug */,
				C1BAF3E225CE482500DB2116 /* Release */,
			);
			defaultConfigurationIsVisible = 0;
			defaultConfigurationName = Release;
		};
/* End XCConfigurationList section */

/* Begin XCSwiftPackageProductDependency section */
		C1BAF3E825CE487300DB2116 /* ECWeekView */ = {
			isa = XCSwiftPackageProductDependency;
			productName = ECWeekView;
		};
/* End XCSwiftPackageProductDependency section */
	};
	rootObject = C1BAF3C925CE482500DB2116 /* Project object */;
}
