// !$*UTF8*$!
{
	archiveVersion = 1;
	classes = {
	};
	objectVersion = 46;
	objects = {

/* Begin PBXBuildFile section */
		7CB862861F470AA0008F23EC /* AppDelegate.swift in Sources */ = {isa = PBXBuildFile; fileRef = 7CB862851F470AA0008F23EC /* AppDelegate.swift */; };
		7CB862881F470AA0008F23EC /* ViewController.swift in Sources */ = {isa = PBXBuildFile; fileRef = 7CB862871F470AA0008F23EC /* ViewController.swift */; };
		7CB8628B1F470AA0008F23EC /* Main.storyboard in Resources */ = {isa = PBXBuildFile; fileRef = 7CB862891F470AA0008F23EC /* Main.storyboard */; };
		7CB8628D1F470AA0008F23EC /* Assets.xcassets in Resources */ = {isa = PBXBuildFile; fileRef = 7CB8628C1F470AA0008F23EC /* Assets.xcassets */; };
		7CB862901F470AA0008F23EC /* LaunchScreen.storyboard in Resources */ = {isa = PBXBuildFile; fileRef = 7CB8628E1F470AA0008F23EC /* LaunchScreen.storyboard */; };
		7CB8629B1F470AA1008F23EC /* SwiftWeekViewTests.swift in Sources */ = {isa = PBXBuildFile; fileRef = 7CB8629A1F470AA1008F23EC /* SwiftWeekViewTests.swift */; };
		7CB862A61F470AA1008F23EC /* SwiftWeekViewUITests.swift in Sources */ = {isa = PBXBuildFile; fileRef = 7CB862A51F470AA1008F23EC /* SwiftWeekViewUITests.swift */; };
		7CE561631FD6428300FB44D7 /* EventDetailLauncher.swift in Sources */ = {isa = PBXBuildFile; fileRef = 7CE561621FD6428300FB44D7 /* EventDetailLauncher.swift */; };
		903C522D0590048A76F3C6E4 /* Pods_SwiftWeekView.framework in Frameworks */ = {isa = PBXBuildFile; fileRef = 027101263AED3E1CD1535FDA /* Pods_SwiftWeekView.framework */; };
		C133ED9321D4B26E00736902 /* WeekViewEvent.swift in Sources */ = {isa = PBXBuildFile; fileRef = C133ED7821D4B26E00736902 /* WeekViewEvent.swift */; };
		C133ED9A21D4B26E00736902 /* WeekViewFreeTimeTapGestureRecognizer.swift in Sources */ = {isa = PBXBuildFile; fileRef = C133ED8421D4B26E00736902 /* WeekViewFreeTimeTapGestureRecognizer.swift */; };
		C133ED9B21D4B26E00736902 /* WeekViewEventTapGestureRecognizer.swift in Sources */ = {isa = PBXBuildFile; fileRef = C133ED8521D4B26E00736902 /* WeekViewEventTapGestureRecognizer.swift */; };
		C133ED9E21D4B26E00736902 /* WeekViewEventView.swift in Sources */ = {isa = PBXBuildFile; fileRef = C133ED8921D4B26E00736902 /* WeekViewEventView.swift */; };
		C133ED9F21D4B26E00736902 /* WeekViewDayCell.swift in Sources */ = {isa = PBXBuildFile; fileRef = C133ED8A21D4B26E00736902 /* WeekViewDayCell.swift */; };
		C133EDA021D4B26E00736902 /* WeekView.swift in Sources */ = {isa = PBXBuildFile; fileRef = C133ED8B21D4B26E00736902 /* WeekView.swift */; };
		C133EDA121D4B26E00736902 /* WeekViewStyler.swift in Sources */ = {isa = PBXBuildFile; fileRef = C133ED8D21D4B26E00736902 /* WeekViewStyler.swift */; };
		C133EDA221D4B26E00736902 /* WeekViewDataSource.swift in Sources */ = {isa = PBXBuildFile; fileRef = C133ED8E21D4B26E00736902 /* WeekViewDataSource.swift */; };
		C133EDA321D4B26E00736902 /* WeekViewDelegate.swift in Sources */ = {isa = PBXBuildFile; fileRef = C133ED8F21D4B26E00736902 /* WeekViewDelegate.swift */; };
		C1B1F05E21DBFEFE0047D8B1 /* TimelineCollectionView.framework in Frameworks */ = {isa = PBXBuildFile; fileRef = C1B1F05A21DBFE0A0047D8B1 /* TimelineCollectionView.framework */; };
		C1B1F05F21DBFEFE0047D8B1 /* TimelineCollectionView.framework in Embed Frameworks */ = {isa = PBXBuildFile; fileRef = C1B1F05A21DBFE0A0047D8B1 /* TimelineCollectionView.framework */; settings = {ATTRIBUTES = (CodeSignOnCopy, RemoveHeadersOnCopy, ); }; };
		C1BBDE6821D7F2C400FE22C3 /* WeekViewEventView.xib in Resources */ = {isa = PBXBuildFile; fileRef = C1BBDE6721D7F2C400FE22C3 /* WeekViewEventView.xib */; };
		C1BBDE6A21D7F94C00FE22C3 /* UIView+Extensions.swift in Sources */ = {isa = PBXBuildFile; fileRef = C1BBDE6921D7F94C00FE22C3 /* UIView+Extensions.swift */; };
		C1CF162421D80ABE00586B64 /* Theme.swift in Sources */ = {isa = PBXBuildFile; fileRef = C1CF162321D80ABE00586B64 /* Theme.swift */; };
		C1CF162621D80AE000586B64 /* UIColor+Extensions.swift in Sources */ = {isa = PBXBuildFile; fileRef = C1CF162521D80AE000586B64 /* UIColor+Extensions.swift */; };
		C1CF162821D80AFD00586B64 /* UITextView+Extensions.swift in Sources */ = {isa = PBXBuildFile; fileRef = C1CF162721D80AFD00586B64 /* UITextView+Extensions.swift */; };
		C1F83CF821DB370700CB6744 /* Dictionary+Extensions.swift in Sources */ = {isa = PBXBuildFile; fileRef = C1F83CF721DB370700CB6744 /* Dictionary+Extensions.swift */; };
		CFEA98EE18493FBC798431B1 /* Pods_SwiftWeekViewTests.framework in Frameworks */ = {isa = PBXBuildFile; fileRef = EABEDAF34C0404BCCB8FC935 /* Pods_SwiftWeekViewTests.framework */; };
		FBA547C06F91A2ACC2D8A6BF /* Pods_SwiftWeekViewUITests.framework in Frameworks */ = {isa = PBXBuildFile; fileRef = 5D6AB2FD7EF9CA98C9AAD752 /* Pods_SwiftWeekViewUITests.framework */; };
/* End PBXBuildFile section */

/* Begin PBXContainerItemProxy section */
		7CB862971F470AA1008F23EC /* PBXContainerItemProxy */ = {
			isa = PBXContainerItemProxy;
			containerPortal = 7CB8627A1F470AA0008F23EC /* Project object */;
			proxyType = 1;
			remoteGlobalIDString = 7CB862811F470AA0008F23EC;
			remoteInfo = SwiftWeekView;
		};
		7CB862A21F470AA1008F23EC /* PBXContainerItemProxy */ = {
			isa = PBXContainerItemProxy;
			containerPortal = 7CB8627A1F470AA0008F23EC /* Project object */;
			proxyType = 1;
			remoteGlobalIDString = 7CB862811F470AA0008F23EC;
			remoteInfo = SwiftWeekView;
		};
/* End PBXContainerItemProxy section */

/* Begin PBXCopyFilesBuildPhase section */
		C1B1F06021DBFEFE0047D8B1 /* Embed Frameworks */ = {
			isa = PBXCopyFilesBuildPhase;
			buildActionMask = 2147483647;
			dstPath = "";
			dstSubfolderSpec = 10;
			files = (
				C1B1F05F21DBFEFE0047D8B1 /* TimelineCollectionView.framework in Embed Frameworks */,
			);
			name = "Embed Frameworks";
			runOnlyForDeploymentPostprocessing = 0;
		};
/* End PBXCopyFilesBuildPhase section */

/* Begin PBXFileReference section */
		027101263AED3E1CD1535FDA /* Pods_SwiftWeekView.framework */ = {isa = PBXFileReference; explicitFileType = wrapper.framework; includeInIndex = 0; path = Pods_SwiftWeekView.framework; sourceTree = BUILT_PRODUCTS_DIR; };
		13973A491FECE96760C066A4 /* Pods-SwiftWeekViewTests.debug.xcconfig */ = {isa = PBXFileReference; includeInIndex = 1; lastKnownFileType = text.xcconfig; name = "Pods-SwiftWeekViewTests.debug.xcconfig"; path = "Pods/Target Support Files/Pods-SwiftWeekViewTests/Pods-SwiftWeekViewTests.debug.xcconfig"; sourceTree = "<group>"; };
		270DF6917162F69C656CCA85 /* Pods-SwiftWeekViewUITests.debug.xcconfig */ = {isa = PBXFileReference; includeInIndex = 1; lastKnownFileType = text.xcconfig; name = "Pods-SwiftWeekViewUITests.debug.xcconfig"; path = "Pods/Target Support Files/Pods-SwiftWeekViewUITests/Pods-SwiftWeekViewUITests.debug.xcconfig"; sourceTree = "<group>"; };
		5D6AB2FD7EF9CA98C9AAD752 /* Pods_SwiftWeekViewUITests.framework */ = {isa = PBXFileReference; explicitFileType = wrapper.framework; includeInIndex = 0; path = Pods_SwiftWeekViewUITests.framework; sourceTree = BUILT_PRODUCTS_DIR; };
		698585844DFFAF7BBD1705EA /* Pods-SwiftWeekView.debug.xcconfig */ = {isa = PBXFileReference; includeInIndex = 1; lastKnownFileType = text.xcconfig; name = "Pods-SwiftWeekView.debug.xcconfig"; path = "Pods/Target Support Files/Pods-SwiftWeekView/Pods-SwiftWeekView.debug.xcconfig"; sourceTree = "<group>"; };
		7CB862821F470AA0008F23EC /* SwiftWeekView.app */ = {isa = PBXFileReference; explicitFileType = wrapper.application; includeInIndex = 0; path = SwiftWeekView.app; sourceTree = BUILT_PRODUCTS_DIR; };
		7CB862851F470AA0008F23EC /* AppDelegate.swift */ = {isa = PBXFileReference; lastKnownFileType = sourcecode.swift; path = AppDelegate.swift; sourceTree = "<group>"; };
		7CB862871F470AA0008F23EC /* ViewController.swift */ = {isa = PBXFileReference; lastKnownFileType = sourcecode.swift; path = ViewController.swift; sourceTree = "<group>"; };
		7CB8628A1F470AA0008F23EC /* Base */ = {isa = PBXFileReference; lastKnownFileType = file.storyboard; name = Base; path = Base.lproj/Main.storyboard; sourceTree = "<group>"; };
		7CB8628C1F470AA0008F23EC /* Assets.xcassets */ = {isa = PBXFileReference; lastKnownFileType = folder.assetcatalog; path = Assets.xcassets; sourceTree = "<group>"; };
		7CB8628F1F470AA0008F23EC /* Base */ = {isa = PBXFileReference; lastKnownFileType = file.storyboard; name = Base; path = Base.lproj/LaunchScreen.storyboard; sourceTree = "<group>"; };
		7CB862911F470AA0008F23EC /* Info.plist */ = {isa = PBXFileReference; lastKnownFileType = text.plist.xml; path = Info.plist; sourceTree = "<group>"; };
		7CB862961F470AA1008F23EC /* SwiftWeekViewTests.xctest */ = {isa = PBXFileReference; explicitFileType = wrapper.cfbundle; includeInIndex = 0; path = SwiftWeekViewTests.xctest; sourceTree = BUILT_PRODUCTS_DIR; };
		7CB8629A1F470AA1008F23EC /* SwiftWeekViewTests.swift */ = {isa = PBXFileReference; lastKnownFileType = sourcecode.swift; path = SwiftWeekViewTests.swift; sourceTree = "<group>"; };
		7CB8629C1F470AA1008F23EC /* Info.plist */ = {isa = PBXFileReference; lastKnownFileType = text.plist.xml; path = Info.plist; sourceTree = "<group>"; };
		7CB862A11F470AA1008F23EC /* SwiftWeekViewUITests.xctest */ = {isa = PBXFileReference; explicitFileType = wrapper.cfbundle; includeInIndex = 0; path = SwiftWeekViewUITests.xctest; sourceTree = BUILT_PRODUCTS_DIR; };
		7CB862A51F470AA1008F23EC /* SwiftWeekViewUITests.swift */ = {isa = PBXFileReference; lastKnownFileType = sourcecode.swift; path = SwiftWeekViewUITests.swift; sourceTree = "<group>"; };
		7CB862A71F470AA1008F23EC /* Info.plist */ = {isa = PBXFileReference; lastKnownFileType = text.plist.xml; path = Info.plist; sourceTree = "<group>"; };
		7CE561621FD6428300FB44D7 /* EventDetailLauncher.swift */ = {isa = PBXFileReference; lastKnownFileType = sourcecode.swift; path = EventDetailLauncher.swift; sourceTree = "<group>"; };
		AF04E5E425237E267C336888 /* Pods-SwiftWeekViewTests.release.xcconfig */ = {isa = PBXFileReference; includeInIndex = 1; lastKnownFileType = text.xcconfig; name = "Pods-SwiftWeekViewTests.release.xcconfig"; path = "Pods/Target Support Files/Pods-SwiftWeekViewTests/Pods-SwiftWeekViewTests.release.xcconfig"; sourceTree = "<group>"; };
		C133ED7821D4B26E00736902 /* WeekViewEvent.swift */ = {isa = PBXFileReference; fileEncoding = 4; lastKnownFileType = sourcecode.swift; path = WeekViewEvent.swift; sourceTree = "<group>"; };
		C133ED8421D4B26E00736902 /* WeekViewFreeTimeTapGestureRecognizer.swift */ = {isa = PBXFileReference; fileEncoding = 4; lastKnownFileType = sourcecode.swift; path = WeekViewFreeTimeTapGestureRecognizer.swift; sourceTree = "<group>"; };
		C133ED8521D4B26E00736902 /* WeekViewEventTapGestureRecognizer.swift */ = {isa = PBXFileReference; fileEncoding = 4; lastKnownFileType = sourcecode.swift; path = WeekViewEventTapGestureRecognizer.swift; sourceTree = "<group>"; };
		C133ED8921D4B26E00736902 /* WeekViewEventView.swift */ = {isa = PBXFileReference; fileEncoding = 4; lastKnownFileType = sourcecode.swift; path = WeekViewEventView.swift; sourceTree = "<group>"; };
		C133ED8A21D4B26E00736902 /* WeekViewDayCell.swift */ = {isa = PBXFileReference; fileEncoding = 4; lastKnownFileType = sourcecode.swift; path = WeekViewDayCell.swift; sourceTree = "<group>"; };
		C133ED8B21D4B26E00736902 /* WeekView.swift */ = {isa = PBXFileReference; fileEncoding = 4; lastKnownFileType = sourcecode.swift; path = WeekView.swift; sourceTree = "<group>"; };
		C133ED8D21D4B26E00736902 /* WeekViewStyler.swift */ = {isa = PBXFileReference; fileEncoding = 4; lastKnownFileType = sourcecode.swift; path = WeekViewStyler.swift; sourceTree = "<group>"; };
		C133ED8E21D4B26E00736902 /* WeekViewDataSource.swift */ = {isa = PBXFileReference; fileEncoding = 4; lastKnownFileType = sourcecode.swift; path = WeekViewDataSource.swift; sourceTree = "<group>"; };
		C133ED8F21D4B26E00736902 /* WeekViewDelegate.swift */ = {isa = PBXFileReference; fileEncoding = 4; lastKnownFileType = sourcecode.swift; path = WeekViewDelegate.swift; sourceTree = "<group>"; };
		C1B1F05A21DBFE0A0047D8B1 /* TimelineCollectionView.framework */ = {isa = PBXFileReference; lastKnownFileType = wrapper.framework; path = TimelineCollectionView.framework; sourceTree = "<group>"; };
		C1BBDE6721D7F2C400FE22C3 /* WeekViewEventView.xib */ = {isa = PBXFileReference; lastKnownFileType = file.xib; path = WeekViewEventView.xib; sourceTree = "<group>"; };
		C1BBDE6921D7F94C00FE22C3 /* UIView+Extensions.swift */ = {isa = PBXFileReference; lastKnownFileType = sourcecode.swift; path = "UIView+Extensions.swift"; sourceTree = "<group>"; };
		C1CF162321D80ABE00586B64 /* Theme.swift */ = {isa = PBXFileReference; lastKnownFileType = sourcecode.swift; path = Theme.swift; sourceTree = "<group>"; };
		C1CF162521D80AE000586B64 /* UIColor+Extensions.swift */ = {isa = PBXFileReference; lastKnownFileType = sourcecode.swift; path = "UIColor+Extensions.swift"; sourceTree = "<group>"; };
		C1CF162721D80AFD00586B64 /* UITextView+Extensions.swift */ = {isa = PBXFileReference; lastKnownFileType = sourcecode.swift; path = "UITextView+Extensions.swift"; sourceTree = "<group>"; };
		C1F6B3A221D52F620038E63E /* TimelineCollectionView.framework */ = {isa = PBXFileReference; explicitFileType = wrapper.framework; path = TimelineCollectionView.framework; sourceTree = BUILT_PRODUCTS_DIR; };
		C1F83CF721DB370700CB6744 /* Dictionary+Extensions.swift */ = {isa = PBXFileReference; lastKnownFileType = sourcecode.swift; path = "Dictionary+Extensions.swift"; sourceTree = "<group>"; };
		E15FF7D9F19FD62BDB7CA286 /* Pods-SwiftWeekViewUITests.release.xcconfig */ = {isa = PBXFileReference; includeInIndex = 1; lastKnownFileType = text.xcconfig; name = "Pods-SwiftWeekViewUITests.release.xcconfig"; path = "Pods/Target Support Files/Pods-SwiftWeekViewUITests/Pods-SwiftWeekViewUITests.release.xcconfig"; sourceTree = "<group>"; };
		EABEDAF34C0404BCCB8FC935 /* Pods_SwiftWeekViewTests.framework */ = {isa = PBXFileReference; explicitFileType = wrapper.framework; includeInIndex = 0; path = Pods_SwiftWeekViewTests.framework; sourceTree = BUILT_PRODUCTS_DIR; };
		EB0B7DBE70538F3329D95A0F /* Pods-SwiftWeekView.release.xcconfig */ = {isa = PBXFileReference; includeInIndex = 1; lastKnownFileType = text.xcconfig; name = "Pods-SwiftWeekView.release.xcconfig"; path = "Pods/Target Support Files/Pods-SwiftWeekView/Pods-SwiftWeekView.release.xcconfig"; sourceTree = "<group>"; };
/* End PBXFileReference section */

/* Begin PBXFrameworksBuildPhase section */
		7CB8627F1F470AA0008F23EC /* Frameworks */ = {
			isa = PBXFrameworksBuildPhase;
			buildActionMask = 2147483647;
			files = (
				C1B1F05E21DBFEFE0047D8B1 /* TimelineCollectionView.framework in Frameworks */,
				903C522D0590048A76F3C6E4 /* Pods_SwiftWeekView.framework in Frameworks */,
			);
			runOnlyForDeploymentPostprocessing = 0;
		};
		7CB862931F470AA1008F23EC /* Frameworks */ = {
			isa = PBXFrameworksBuildPhase;
			buildActionMask = 2147483647;
			files = (
				CFEA98EE18493FBC798431B1 /* Pods_SwiftWeekViewTests.framework in Frameworks */,
			);
			runOnlyForDeploymentPostprocessing = 0;
		};
		7CB8629E1F470AA1008F23EC /* Frameworks */ = {
			isa = PBXFrameworksBuildPhase;
			buildActionMask = 2147483647;
			files = (
				FBA547C06F91A2ACC2D8A6BF /* Pods_SwiftWeekViewUITests.framework in Frameworks */,
			);
			runOnlyForDeploymentPostprocessing = 0;
		};
/* End PBXFrameworksBuildPhase section */

/* Begin PBXGroup section */
		694ED5A08FB07C5EED6E1573 /* Pods */ = {
			isa = PBXGroup;
			children = (
				698585844DFFAF7BBD1705EA /* Pods-SwiftWeekView.debug.xcconfig */,
				EB0B7DBE70538F3329D95A0F /* Pods-SwiftWeekView.release.xcconfig */,
				13973A491FECE96760C066A4 /* Pods-SwiftWeekViewTests.debug.xcconfig */,
				AF04E5E425237E267C336888 /* Pods-SwiftWeekViewTests.release.xcconfig */,
				270DF6917162F69C656CCA85 /* Pods-SwiftWeekViewUITests.debug.xcconfig */,
				E15FF7D9F19FD62BDB7CA286 /* Pods-SwiftWeekViewUITests.release.xcconfig */,
			);
			name = Pods;
			sourceTree = "<group>";
		};
		7722C1EB21EA5BCB0A78C251 /* Frameworks */ = {
			isa = PBXGroup;
			children = (
				C1F6B3A221D52F620038E63E /* TimelineCollectionView.framework */,
				027101263AED3E1CD1535FDA /* Pods_SwiftWeekView.framework */,
				EABEDAF34C0404BCCB8FC935 /* Pods_SwiftWeekViewTests.framework */,
				5D6AB2FD7EF9CA98C9AAD752 /* Pods_SwiftWeekViewUITests.framework */,
			);
			name = Frameworks;
			sourceTree = "<group>";
		};
		7CB862791F470AA0008F23EC = {
			isa = PBXGroup;
			children = (
				7CB862841F470AA0008F23EC /* SwiftWeekView */,
				7CB862991F470AA1008F23EC /* SwiftWeekViewTests */,
				7CB862A41F470AA1008F23EC /* SwiftWeekViewUITests */,
				7CB862831F470AA0008F23EC /* Products */,
				694ED5A08FB07C5EED6E1573 /* Pods */,
				7722C1EB21EA5BCB0A78C251 /* Frameworks */,
			);
			sourceTree = "<group>";
		};
		7CB862831F470AA0008F23EC /* Products */ = {
			isa = PBXGroup;
			children = (
				7CB862821F470AA0008F23EC /* SwiftWeekView.app */,
				7CB862961F470AA1008F23EC /* SwiftWeekViewTests.xctest */,
				7CB862A11F470AA1008F23EC /* SwiftWeekViewUITests.xctest */,
			);
			name = Products;
			sourceTree = "<group>";
		};
		7CB862841F470AA0008F23EC /* SwiftWeekView */ = {
			isa = PBXGroup;
			children = (
				C133ED7621D4B26E00736902 /* Source */,
				7CB862851F470AA0008F23EC /* AppDelegate.swift */,
				7CB862871F470AA0008F23EC /* ViewController.swift */,
				7CE561621FD6428300FB44D7 /* EventDetailLauncher.swift */,
				7CB862891F470AA0008F23EC /* Main.storyboard */,
				7CB8628C1F470AA0008F23EC /* Assets.xcassets */,
				7CB8628E1F470AA0008F23EC /* LaunchScreen.storyboard */,
				7CB862911F470AA0008F23EC /* Info.plist */,
			);
			path = SwiftWeekView;
			sourceTree = "<group>";
		};
		7CB862991F470AA1008F23EC /* SwiftWeekViewTests */ = {
			isa = PBXGroup;
			children = (
				7CB8629A1F470AA1008F23EC /* SwiftWeekViewTests.swift */,
				7CB8629C1F470AA1008F23EC /* Info.plist */,
			);
			path = SwiftWeekViewTests;
			sourceTree = "<group>";
		};
		7CB862A41F470AA1008F23EC /* SwiftWeekViewUITests */ = {
			isa = PBXGroup;
			children = (
				7CB862A51F470AA1008F23EC /* SwiftWeekViewUITests.swift */,
				7CB862A71F470AA1008F23EC /* Info.plist */,
			);
			path = SwiftWeekViewUITests;
			sourceTree = "<group>";
		};
		C133ED7621D4B26E00736902 /* Source */ = {
			isa = PBXGroup;
			children = (
				C1B1F05921DBFE0A0047D8B1 /* Frameworks */,
				C133ED7721D4B26E00736902 /* Model */,
				C133ED8321D4B26E00736902 /* GestureRecognizers */,
				C133ED8621D4B26E00736902 /* Views */,
				C133ED8C21D4B26E00736902 /* Protocols */,
				C133ED9021D4B26E00736902 /* Helpers */,
			);
			name = Source;
			path = ../../Source;
			sourceTree = "<group>";
		};
		C133ED7721D4B26E00736902 /* Model */ = {
			isa = PBXGroup;
			children = (
				C133ED7821D4B26E00736902 /* WeekViewEvent.swift */,
			);
			path = Model;
			sourceTree = "<group>";
		};
		C133ED8321D4B26E00736902 /* GestureRecognizers */ = {
			isa = PBXGroup;
			children = (
				C133ED8421D4B26E00736902 /* WeekViewFreeTimeTapGestureRecognizer.swift */,
				C133ED8521D4B26E00736902 /* WeekViewEventTapGestureRecognizer.swift */,
			);
			path = GestureRecognizers;
			sourceTree = "<group>";
		};
		C133ED8621D4B26E00736902 /* Views */ = {
			isa = PBXGroup;
			children = (
				C133ED8B21D4B26E00736902 /* WeekView.swift */,
				C133ED8A21D4B26E00736902 /* WeekViewDayCell.swift */,
				C133ED8921D4B26E00736902 /* WeekViewEventView.swift */,
				C1BBDE6721D7F2C400FE22C3 /* WeekViewEventView.xib */,
			);
			path = Views;
			sourceTree = "<group>";
		};
		C133ED8C21D4B26E00736902 /* Protocols */ = {
			isa = PBXGroup;
			children = (
				C133ED8E21D4B26E00736902 /* WeekViewDataSource.swift */,
				C133ED8F21D4B26E00736902 /* WeekViewDelegate.swift */,
				C133ED8D21D4B26E00736902 /* WeekViewStyler.swift */,
			);
			path = Protocols;
			sourceTree = "<group>";
		};
		C133ED9021D4B26E00736902 /* Helpers */ = {
			isa = PBXGroup;
			children = (
				C1CF162321D80ABE00586B64 /* Theme.swift */,
				C1CF162521D80AE000586B64 /* UIColor+Extensions.swift */,
				C1CF162721D80AFD00586B64 /* UITextView+Extensions.swift */,
				C1BBDE6921D7F94C00FE22C3 /* UIView+Extensions.swift */,
				C1F83CF721DB370700CB6744 /* Dictionary+Extensions.swift */,
			);
			path = Helpers;
			sourceTree = "<group>";
		};
		C1B1F05921DBFE0A0047D8B1 /* Frameworks */ = {
			isa = PBXGroup;
			children = (
				C1B1F05A21DBFE0A0047D8B1 /* TimelineCollectionView.framework */,
			);
			path = Frameworks;
			sourceTree = "<group>";
		};
/* End PBXGroup section */

/* Begin PBXNativeTarget section */
		7CB862811F470AA0008F23EC /* SwiftWeekView */ = {
			isa = PBXNativeTarget;
			buildConfigurationList = 7CB862AA1F470AA1008F23EC /* Build configuration list for PBXNativeTarget "SwiftWeekView" */;
			buildPhases = (
				D3C3E0A94B993CA4364417A1 /* [CP] Check Pods Manifest.lock */,
				7CB8627E1F470AA0008F23EC /* Sources */,
				7CB8627F1F470AA0008F23EC /* Frameworks */,
				7CB862801F470AA0008F23EC /* Resources */,
				945DFC106E0E4E0E95A2D0BB /* [CP] Embed Pods Frameworks */,
				C1B1F06021DBFEFE0047D8B1 /* Embed Frameworks */,
			);
			buildRules = (
			);
			dependencies = (
			);
			name = SwiftWeekView;
			productName = SwiftWeekView;
			productReference = 7CB862821F470AA0008F23EC /* SwiftWeekView.app */;
			productType = "com.apple.product-type.application";
		};
		7CB862951F470AA1008F23EC /* SwiftWeekViewTests */ = {
			isa = PBXNativeTarget;
			buildConfigurationList = 7CB862AD1F470AA1008F23EC /* Build configuration list for PBXNativeTarget "SwiftWeekViewTests" */;
			buildPhases = (
				3D845660B90B9AA9A66664CE /* [CP] Check Pods Manifest.lock */,
				7CB862921F470AA1008F23EC /* Sources */,
				7CB862931F470AA1008F23EC /* Frameworks */,
				7CB862941F470AA1008F23EC /* Resources */,
			);
			buildRules = (
			);
			dependencies = (
				7CB862981F470AA1008F23EC /* PBXTargetDependency */,
			);
			name = SwiftWeekViewTests;
			productName = SwiftWeekViewTests;
			productReference = 7CB862961F470AA1008F23EC /* SwiftWeekViewTests.xctest */;
			productType = "com.apple.product-type.bundle.unit-test";
		};
		7CB862A01F470AA1008F23EC /* SwiftWeekViewUITests */ = {
			isa = PBXNativeTarget;
			buildConfigurationList = 7CB862B01F470AA1008F23EC /* Build configuration list for PBXNativeTarget "SwiftWeekViewUITests" */;
			buildPhases = (
				C9C7043B6F5A67E2DF124E5F /* [CP] Check Pods Manifest.lock */,
				7CB8629D1F470AA1008F23EC /* Sources */,
				7CB8629E1F470AA1008F23EC /* Frameworks */,
				7CB8629F1F470AA1008F23EC /* Resources */,
			);
			buildRules = (
			);
			dependencies = (
				7CB862A31F470AA1008F23EC /* PBXTargetDependency */,
			);
			name = SwiftWeekViewUITests;
			productName = SwiftWeekViewUITests;
			productReference = 7CB862A11F470AA1008F23EC /* SwiftWeekViewUITests.xctest */;
			productType = "com.apple.product-type.bundle.ui-testing";
		};
/* End PBXNativeTarget section */

/* Begin PBXProject section */
		7CB8627A1F470AA0008F23EC /* Project object */ = {
			isa = PBXProject;
			attributes = {
				LastSwiftUpdateCheck = 0830;
				LastUpgradeCheck = 0900;
				ORGANIZATIONNAME = "Evan Cooper";
				TargetAttributes = {
					7CB862811F470AA0008F23EC = {
						CreatedOnToolsVersion = 8.3.3;
						LastSwiftMigration = 0900;
						ProvisioningStyle = Automatic;
					};
					7CB862951F470AA1008F23EC = {
						CreatedOnToolsVersion = 8.3.3;
						LastSwiftMigration = 0900;
						ProvisioningStyle = Automatic;
						TestTargetID = 7CB862811F470AA0008F23EC;
					};
					7CB862A01F470AA1008F23EC = {
						CreatedOnToolsVersion = 8.3.3;
						LastSwiftMigration = 0900;
						ProvisioningStyle = Automatic;
						TestTargetID = 7CB862811F470AA0008F23EC;
					};
				};
			};
			buildConfigurationList = 7CB8627D1F470AA0008F23EC /* Build configuration list for PBXProject "SwiftWeekView" */;
			compatibilityVersion = "Xcode 3.2";
			developmentRegion = English;
			hasScannedForEncodings = 0;
			knownRegions = (
				en,
				Base,
			);
			mainGroup = 7CB862791F470AA0008F23EC;
			productRefGroup = 7CB862831F470AA0008F23EC /* Products */;
			projectDirPath = "";
			projectRoot = "";
			targets = (
				7CB862811F470AA0008F23EC /* SwiftWeekView */,
				7CB862951F470AA1008F23EC /* SwiftWeekViewTests */,
				7CB862A01F470AA1008F23EC /* SwiftWeekViewUITests */,
			);
		};
/* End PBXProject section */

/* Begin PBXResourcesBuildPhase section */
		7CB862801F470AA0008F23EC /* Resources */ = {
			isa = PBXResourcesBuildPhase;
			buildActionMask = 2147483647;
			files = (
				7CB862901F470AA0008F23EC /* LaunchScreen.storyboard in Resources */,
				7CB8628D1F470AA0008F23EC /* Assets.xcassets in Resources */,
				C1BBDE6821D7F2C400FE22C3 /* WeekViewEventView.xib in Resources */,
				7CB8628B1F470AA0008F23EC /* Main.storyboard in Resources */,
			);
			runOnlyForDeploymentPostprocessing = 0;
		};
		7CB862941F470AA1008F23EC /* Resources */ = {
			isa = PBXResourcesBuildPhase;
			buildActionMask = 2147483647;
			files = (
			);
			runOnlyForDeploymentPostprocessing = 0;
		};
		7CB8629F1F470AA1008F23EC /* Resources */ = {
			isa = PBXResourcesBuildPhase;
			buildActionMask = 2147483647;
			files = (
			);
			runOnlyForDeploymentPostprocessing = 0;
		};
/* End PBXResourcesBuildPhase section */

/* Begin PBXShellScriptBuildPhase section */
		3D845660B90B9AA9A66664CE /* [CP] Check Pods Manifest.lock */ = {
			isa = PBXShellScriptBuildPhase;
			buildActionMask = 2147483647;
			files = (
			);
			inputPaths = (
				"${PODS_PODFILE_DIR_PATH}/Podfile.lock",
				"${PODS_ROOT}/Manifest.lock",
			);
			name = "[CP] Check Pods Manifest.lock";
			outputPaths = (
				"$(DERIVED_FILE_DIR)/Pods-SwiftWeekViewTests-checkManifestLockResult.txt",
			);
			runOnlyForDeploymentPostprocessing = 0;
			shellPath = /bin/sh;
			shellScript = "diff \"${PODS_PODFILE_DIR_PATH}/Podfile.lock\" \"${PODS_ROOT}/Manifest.lock\" > /dev/null\nif [ $? != 0 ] ; then\n    # print error to STDERR\n    echo \"error: The sandbox is not in sync with the Podfile.lock. Run 'pod install' or update your CocoaPods installation.\" >&2\n    exit 1\nfi\n# This output is used by Xcode 'outputs' to avoid re-running this script phase.\necho \"SUCCESS\" > \"${SCRIPT_OUTPUT_FILE_0}\"\n";
			showEnvVarsInLog = 0;
		};
		945DFC106E0E4E0E95A2D0BB /* [CP] Embed Pods Frameworks */ = {
			isa = PBXShellScriptBuildPhase;
			buildActionMask = 2147483647;
			files = (
			);
			inputPaths = (
				"${SRCROOT}/Pods/Target Support Files/Pods-SwiftWeekView/Pods-SwiftWeekView-frameworks.sh",
				"${BUILT_PRODUCTS_DIR}/SwiftDate/SwiftDate.framework",
			);
			name = "[CP] Embed Pods Frameworks";
			outputPaths = (
				"${TARGET_BUILD_DIR}/${FRAMEWORKS_FOLDER_PATH}/SwiftDate.framework",
			);
			runOnlyForDeploymentPostprocessing = 0;
			shellPath = /bin/sh;
			shellScript = "\"${SRCROOT}/Pods/Target Support Files/Pods-SwiftWeekView/Pods-SwiftWeekView-frameworks.sh\"\n";
			showEnvVarsInLog = 0;
		};
		C9C7043B6F5A67E2DF124E5F /* [CP] Check Pods Manifest.lock */ = {
			isa = PBXShellScriptBuildPhase;
			buildActionMask = 2147483647;
			files = (
			);
			inputPaths = (
				"${PODS_PODFILE_DIR_PATH}/Podfile.lock",
				"${PODS_ROOT}/Manifest.lock",
			);
			name = "[CP] Check Pods Manifest.lock";
			outputPaths = (
				"$(DERIVED_FILE_DIR)/Pods-SwiftWeekViewUITests-checkManifestLockResult.txt",
			);
			runOnlyForDeploymentPostprocessing = 0;
			shellPath = /bin/sh;
			shellScript = "diff \"${PODS_PODFILE_DIR_PATH}/Podfile.lock\" \"${PODS_ROOT}/Manifest.lock\" > /dev/null\nif [ $? != 0 ] ; then\n    # print error to STDERR\n    echo \"error: The sandbox is not in sync with the Podfile.lock. Run 'pod install' or update your CocoaPods installation.\" >&2\n    exit 1\nfi\n# This output is used by Xcode 'outputs' to avoid re-running this script phase.\necho \"SUCCESS\" > \"${SCRIPT_OUTPUT_FILE_0}\"\n";
			showEnvVarsInLog = 0;
		};
		D3C3E0A94B993CA4364417A1 /* [CP] Check Pods Manifest.lock */ = {
			isa = PBXShellScriptBuildPhase;
			buildActionMask = 2147483647;
			files = (
			);
			inputPaths = (
				"${PODS_PODFILE_DIR_PATH}/Podfile.lock",
				"${PODS_ROOT}/Manifest.lock",
			);
			name = "[CP] Check Pods Manifest.lock";
			outputPaths = (
				"$(DERIVED_FILE_DIR)/Pods-SwiftWeekView-checkManifestLockResult.txt",
			);
			runOnlyForDeploymentPostprocessing = 0;
			shellPath = /bin/sh;
			shellScript = "diff \"${PODS_PODFILE_DIR_PATH}/Podfile.lock\" \"${PODS_ROOT}/Manifest.lock\" > /dev/null\nif [ $? != 0 ] ; then\n    # print error to STDERR\n    echo \"error: The sandbox is not in sync with the Podfile.lock. Run 'pod install' or update your CocoaPods installation.\" >&2\n    exit 1\nfi\n# This output is used by Xcode 'outputs' to avoid re-running this script phase.\necho \"SUCCESS\" > \"${SCRIPT_OUTPUT_FILE_0}\"\n";
			showEnvVarsInLog = 0;
		};
/* End PBXShellScriptBuildPhase section */

/* Begin PBXSourcesBuildPhase section */
		7CB8627E1F470AA0008F23EC /* Sources */ = {
			isa = PBXSourcesBuildPhase;
			buildActionMask = 2147483647;
			files = (
				7CB862881F470AA0008F23EC /* ViewController.swift in Sources */,
				C133ED9B21D4B26E00736902 /* WeekViewEventTapGestureRecognizer.swift in Sources */,
				7CB862861F470AA0008F23EC /* AppDelegate.swift in Sources */,
				C133ED9F21D4B26E00736902 /* WeekViewDayCell.swift in Sources */,
				C133EDA221D4B26E00736902 /* WeekViewDataSource.swift in Sources */,
				C133EDA021D4B26E00736902 /* WeekView.swift in Sources */,
				7CE561631FD6428300FB44D7 /* EventDetailLauncher.swift in Sources */,
				C133EDA121D4B26E00736902 /* WeekViewStyler.swift in Sources */,
				C1F83CF821DB370700CB6744 /* Dictionary+Extensions.swift in Sources */,
				C1CF162821D80AFD00586B64 /* UITextView+Extensions.swift in Sources */,
				C133ED9E21D4B26E00736902 /* WeekViewEventView.swift in Sources */,
				C1CF162421D80ABE00586B64 /* Theme.swift in Sources */,
				C133EDA321D4B26E00736902 /* WeekViewDelegate.swift in Sources */,
				C1CF162621D80AE000586B64 /* UIColor+Extensions.swift in Sources */,
				C1BBDE6A21D7F94C00FE22C3 /* UIView+Extensions.swift in Sources */,
				C133ED9321D4B26E00736902 /* WeekViewEvent.swift in Sources */,
				C133ED9A21D4B26E00736902 /* WeekViewFreeTimeTapGestureRecognizer.swift in Sources */,
			);
			runOnlyForDeploymentPostprocessing = 0;
		};
		7CB862921F470AA1008F23EC /* Sources */ = {
			isa = PBXSourcesBuildPhase;
			buildActionMask = 2147483647;
			files = (
				7CB8629B1F470AA1008F23EC /* SwiftWeekViewTests.swift in Sources */,
			);
			runOnlyForDeploymentPostprocessing = 0;
		};
		7CB8629D1F470AA1008F23EC /* Sources */ = {
			isa = PBXSourcesBuildPhase;
			buildActionMask = 2147483647;
			files = (
				7CB862A61F470AA1008F23EC /* SwiftWeekViewUITests.swift in Sources */,
			);
			runOnlyForDeploymentPostprocessing = 0;
		};
/* End PBXSourcesBuildPhase section */

/* Begin PBXTargetDependency section */
		7CB862981F470AA1008F23EC /* PBXTargetDependency */ = {
			isa = PBXTargetDependency;
			target = 7CB862811F470AA0008F23EC /* SwiftWeekView */;
			targetProxy = 7CB862971F470AA1008F23EC /* PBXContainerItemProxy */;
		};
		7CB862A31F470AA1008F23EC /* PBXTargetDependency */ = {
			isa = PBXTargetDependency;
			target = 7CB862811F470AA0008F23EC /* SwiftWeekView */;
			targetProxy = 7CB862A21F470AA1008F23EC /* PBXContainerItemProxy */;
		};
/* End PBXTargetDependency section */

/* Begin PBXVariantGroup section */
		7CB862891F470AA0008F23EC /* Main.storyboard */ = {
			isa = PBXVariantGroup;
			children = (
				7CB8628A1F470AA0008F23EC /* Base */,
			);
			name = Main.storyboard;
			sourceTree = "<group>";
		};
		7CB8628E1F470AA0008F23EC /* LaunchScreen.storyboard */ = {
			isa = PBXVariantGroup;
			children = (
				7CB8628F1F470AA0008F23EC /* Base */,
			);
			name = LaunchScreen.storyboard;
			sourceTree = "<group>";
		};
/* End PBXVariantGroup section */

/* Begin XCBuildConfiguration section */
		7CB862A81F470AA1008F23EC /* Debug */ = {
			isa = XCBuildConfiguration;
			buildSettings = {
				ALWAYS_SEARCH_USER_PATHS = NO;
				CLANG_ANALYZER_NONNULL = YES;
				CLANG_ANALYZER_NUMBER_OBJECT_CONVERSION = YES_AGGRESSIVE;
				CLANG_CXX_LANGUAGE_STANDARD = "gnu++0x";
				CLANG_CXX_LIBRARY = "libc++";
				CLANG_ENABLE_MODULES = YES;
				CLANG_ENABLE_OBJC_ARC = YES;
				CLANG_WARN_BLOCK_CAPTURE_AUTORELEASING = YES;
				CLANG_WARN_BOOL_CONVERSION = YES;
				CLANG_WARN_COMMA = YES;
				CLANG_WARN_CONSTANT_CONVERSION = YES;
				CLANG_WARN_DIRECT_OBJC_ISA_USAGE = YES_ERROR;
				CLANG_WARN_DOCUMENTATION_COMMENTS = YES;
				CLANG_WARN_EMPTY_BODY = YES;
				CLANG_WARN_ENUM_CONVERSION = YES;
				CLANG_WARN_INFINITE_RECURSION = YES;
				CLANG_WARN_INT_CONVERSION = YES;
				CLANG_WARN_NON_LITERAL_NULL_CONVERSION = YES;
				CLANG_WARN_OBJC_LITERAL_CONVERSION = YES;
				CLANG_WARN_OBJC_ROOT_CLASS = YES_ERROR;
				CLANG_WARN_RANGE_LOOP_ANALYSIS = YES;
				CLANG_WARN_STRICT_PROTOTYPES = YES;
				CLANG_WARN_SUSPICIOUS_MOVE = YES;
				CLANG_WARN_UNREACHABLE_CODE = YES;
				CLANG_WARN__DUPLICATE_METHOD_MATCH = YES;
				"CODE_SIGN_IDENTITY[sdk=iphoneos*]" = "iPhone Developer";
				COPY_PHASE_STRIP = NO;
				DEBUG_INFORMATION_FORMAT = dwarf;
				ENABLE_STRICT_OBJC_MSGSEND = YES;
				ENABLE_TESTABILITY = YES;
				GCC_C_LANGUAGE_STANDARD = gnu99;
				GCC_DYNAMIC_NO_PIC = NO;
				GCC_NO_COMMON_BLOCKS = YES;
				GCC_OPTIMIZATION_LEVEL = 0;
				GCC_PREPROCESSOR_DEFINITIONS = (
					"DEBUG=1",
					"$(inherited)",
				);
				GCC_WARN_64_TO_32_BIT_CONVERSION = YES;
				GCC_WARN_ABOUT_RETURN_TYPE = YES_ERROR;
				GCC_WARN_UNDECLARED_SELECTOR = YES;
				GCC_WARN_UNINITIALIZED_AUTOS = YES_AGGRESSIVE;
				GCC_WARN_UNUSED_FUNCTION = YES;
				GCC_WARN_UNUSED_VARIABLE = YES;
				IPHONEOS_DEPLOYMENT_TARGET = 10.3;
				MTL_ENABLE_DEBUG_INFO = YES;
				ONLY_ACTIVE_ARCH = YES;
				SDKROOT = iphoneos;
				SWIFT_ACTIVE_COMPILATION_CONDITIONS = DEBUG;
				SWIFT_OPTIMIZATION_LEVEL = "-Onone";
				TARGETED_DEVICE_FAMILY = "1,2";
			};
			name = Debug;
		};
		7CB862A91F470AA1008F23EC /* Release */ = {
			isa = XCBuildConfiguration;
			buildSettings = {
				ALWAYS_SEARCH_USER_PATHS = NO;
				CLANG_ANALYZER_NONNULL = YES;
				CLANG_ANALYZER_NUMBER_OBJECT_CONVERSION = YES_AGGRESSIVE;
				CLANG_CXX_LANGUAGE_STANDARD = "gnu++0x";
				CLANG_CXX_LIBRARY = "libc++";
				CLANG_ENABLE_MODULES = YES;
				CLANG_ENABLE_OBJC_ARC = YES;
				CLANG_WARN_BLOCK_CAPTURE_AUTORELEASING = YES;
				CLANG_WARN_BOOL_CONVERSION = YES;
				CLANG_WARN_COMMA = YES;
				CLANG_WARN_CONSTANT_CONVERSION = YES;
				CLANG_WARN_DIRECT_OBJC_ISA_USAGE = YES_ERROR;
				CLANG_WARN_DOCUMENTATION_COMMENTS = YES;
				CLANG_WARN_EMPTY_BODY = YES;
				CLANG_WARN_ENUM_CONVERSION = YES;
				CLANG_WARN_INFINITE_RECURSION = YES;
				CLANG_WARN_INT_CONVERSION = YES;
				CLANG_WARN_NON_LITERAL_NULL_CONVERSION = YES;
				CLANG_WARN_OBJC_LITERAL_CONVERSION = YES;
				CLANG_WARN_OBJC_ROOT_CLASS = YES_ERROR;
				CLANG_WARN_RANGE_LOOP_ANALYSIS = YES;
				CLANG_WARN_STRICT_PROTOTYPES = YES;
				CLANG_WARN_SUSPICIOUS_MOVE = YES;
				CLANG_WARN_UNREACHABLE_CODE = YES;
				CLANG_WARN__DUPLICATE_METHOD_MATCH = YES;
				"CODE_SIGN_IDENTITY[sdk=iphoneos*]" = "iPhone Developer";
				COPY_PHASE_STRIP = NO;
				DEBUG_INFORMATION_FORMAT = "dwarf-with-dsym";
				ENABLE_NS_ASSERTIONS = NO;
				ENABLE_STRICT_OBJC_MSGSEND = YES;
				GCC_C_LANGUAGE_STANDARD = gnu99;
				GCC_NO_COMMON_BLOCKS = YES;
				GCC_WARN_64_TO_32_BIT_CONVERSION = YES;
				GCC_WARN_ABOUT_RETURN_TYPE = YES_ERROR;
				GCC_WARN_UNDECLARED_SELECTOR = YES;
				GCC_WARN_UNINITIALIZED_AUTOS = YES_AGGRESSIVE;
				GCC_WARN_UNUSED_FUNCTION = YES;
				GCC_WARN_UNUSED_VARIABLE = YES;
				IPHONEOS_DEPLOYMENT_TARGET = 10.3;
				MTL_ENABLE_DEBUG_INFO = NO;
				SDKROOT = iphoneos;
				SWIFT_OPTIMIZATION_LEVEL = "-Owholemodule";
				TARGETED_DEVICE_FAMILY = "1,2";
				VALIDATE_PRODUCT = YES;
			};
			name = Release;
		};
		7CB862AB1F470AA1008F23EC /* Debug */ = {
			isa = XCBuildConfiguration;
			baseConfigurationReference = 698585844DFFAF7BBD1705EA /* Pods-SwiftWeekView.debug.xcconfig */;
			buildSettings = {
				ASSETCATALOG_COMPILER_APPICON_NAME = AppIcon;
				DEVELOPMENT_TEAM = "";
				FRAMEWORK_SEARCH_PATHS = (
					"$(inherited)",
					"$(PROJECT_DIR)/SwiftWeekView",
				);
				INFOPLIST_FILE = SwiftWeekView/Info.plist;
				LD_RUNPATH_SEARCH_PATHS = "$(inherited) @executable_path/Frameworks";
				PRODUCT_BUNDLE_IDENTIFIER = com.evancooper.swiftweekview;
				PRODUCT_NAME = "$(TARGET_NAME)";
				SWIFT_SWIFT3_OBJC_INFERENCE = On;
				SWIFT_VERSION = 4.0;
			};
			name = Debug;
		};
		7CB862AC1F470AA1008F23EC /* Release */ = {
			isa = XCBuildConfiguration;
			baseConfigurationReference = EB0B7DBE70538F3329D95A0F /* Pods-SwiftWeekView.release.xcconfig */;
			buildSettings = {
				ASSETCATALOG_COMPILER_APPICON_NAME = AppIcon;
				DEVELOPMENT_TEAM = "";
				FRAMEWORK_SEARCH_PATHS = (
					"$(inherited)",
					"$(PROJECT_DIR)/SwiftWeekView",
				);
				INFOPLIST_FILE = SwiftWeekView/Info.plist;
				LD_RUNPATH_SEARCH_PATHS = "$(inherited) @executable_path/Frameworks";
				PRODUCT_BUNDLE_IDENTIFIER = com.evancooper.swiftweekview;
				PRODUCT_NAME = "$(TARGET_NAME)";
				SWIFT_SWIFT3_OBJC_INFERENCE = On;
				SWIFT_VERSION = 4.0;
			};
			name = Release;
		};
		7CB862AE1F470AA1008F23EC /* Debug */ = {
			isa = XCBuildConfiguration;
			baseConfigurationReference = 13973A491FECE96760C066A4 /* Pods-SwiftWeekViewTests.debug.xcconfig */;
			buildSettings = {
				ALWAYS_EMBED_SWIFT_STANDARD_LIBRARIES = YES;
				BUNDLE_LOADER = "$(TEST_HOST)";
				INFOPLIST_FILE = SwiftWeekViewTests/Info.plist;
				LD_RUNPATH_SEARCH_PATHS = "$(inherited) @executable_path/Frameworks @loader_path/Frameworks";
				PRODUCT_BUNDLE_IDENTIFIER = evancooper.SwiftWeekViewTests;
				PRODUCT_NAME = "$(TARGET_NAME)";
				SWIFT_SWIFT3_OBJC_INFERENCE = On;
				SWIFT_VERSION = 4.0;
				TEST_HOST = "$(BUILT_PRODUCTS_DIR)/SwiftWeekView.app/SwiftWeekView";
			};
			name = Debug;
		};
		7CB862AF1F470AA1008F23EC /* Release */ = {
			isa = XCBuildConfiguration;
			baseConfigurationReference = AF04E5E425237E267C336888 /* Pods-SwiftWeekViewTests.release.xcconfig */;
			buildSettings = {
				ALWAYS_EMBED_SWIFT_STANDARD_LIBRARIES = YES;
				BUNDLE_LOADER = "$(TEST_HOST)";
				INFOPLIST_FILE = SwiftWeekViewTests/Info.plist;
				LD_RUNPATH_SEARCH_PATHS = "$(inherited) @executable_path/Frameworks @loader_path/Frameworks";
				PRODUCT_BUNDLE_IDENTIFIER = evancooper.SwiftWeekViewTests;
				PRODUCT_NAME = "$(TARGET_NAME)";
				SWIFT_SWIFT3_OBJC_INFERENCE = On;
				SWIFT_VERSION = 4.0;
				TEST_HOST = "$(BUILT_PRODUCTS_DIR)/SwiftWeekView.app/SwiftWeekView";
			};
			name = Release;
		};
		7CB862B11F470AA1008F23EC /* Debug */ = {
			isa = XCBuildConfiguration;
			baseConfigurationReference = 270DF6917162F69C656CCA85 /* Pods-SwiftWeekViewUITests.debug.xcconfig */;
			buildSettings = {
				ALWAYS_EMBED_SWIFT_STANDARD_LIBRARIES = YES;
				INFOPLIST_FILE = SwiftWeekViewUITests/Info.plist;
				LD_RUNPATH_SEARCH_PATHS = "$(inherited) @executable_path/Frameworks @loader_path/Frameworks";
				PRODUCT_BUNDLE_IDENTIFIER = evancooper.SwiftWeekViewUITests;
				PRODUCT_NAME = "$(TARGET_NAME)";
				SWIFT_SWIFT3_OBJC_INFERENCE = On;
				SWIFT_VERSION = 4.0;
				TEST_TARGET_NAME = SwiftWeekView;
			};
			name = Debug;
		};
		7CB862B21F470AA1008F23EC /* Release */ = {
			isa = XCBuildConfiguration;
			baseConfigurationReference = E15FF7D9F19FD62BDB7CA286 /* Pods-SwiftWeekViewUITests.release.xcconfig */;
			buildSettings = {
				ALWAYS_EMBED_SWIFT_STANDARD_LIBRARIES = YES;
				INFOPLIST_FILE = SwiftWeekViewUITests/Info.plist;
				LD_RUNPATH_SEARCH_PATHS = "$(inherited) @executable_path/Frameworks @loader_path/Frameworks";
				PRODUCT_BUNDLE_IDENTIFIER = evancooper.SwiftWeekViewUITests;
				PRODUCT_NAME = "$(TARGET_NAME)";
				SWIFT_SWIFT3_OBJC_INFERENCE = On;
				SWIFT_VERSION = 4.0;
				TEST_TARGET_NAME = SwiftWeekView;
			};
			name = Release;
		};
/* End XCBuildConfiguration section */

/* Begin XCConfigurationList section */
		7CB8627D1F470AA0008F23EC /* Build configuration list for PBXProject "SwiftWeekView" */ = {
			isa = XCConfigurationList;
			buildConfigurations = (
				7CB862A81F470AA1008F23EC /* Debug */,
				7CB862A91F470AA1008F23EC /* Release */,
			);
			defaultConfigurationIsVisible = 0;
			defaultConfigurationName = Release;
		};
		7CB862AA1F470AA1008F23EC /* Build configuration list for PBXNativeTarget "SwiftWeekView" */ = {
			isa = XCConfigurationList;
			buildConfigurations = (
				7CB862AB1F470AA1008F23EC /* Debug */,
				7CB862AC1F470AA1008F23EC /* Release */,
			);
			defaultConfigurationIsVisible = 0;
			defaultConfigurationName = Release;
		};
		7CB862AD1F470AA1008F23EC /* Build configuration list for PBXNativeTarget "SwiftWeekViewTests" */ = {
			isa = XCConfigurationList;
			buildConfigurations = (
				7CB862AE1F470AA1008F23EC /* Debug */,
				7CB862AF1F470AA1008F23EC /* Release */,
			);
			defaultConfigurationIsVisible = 0;
			defaultConfigurationName = Release;
		};
		7CB862B01F470AA1008F23EC /* Build configuration list for PBXNativeTarget "SwiftWeekViewUITests" */ = {
			isa = XCConfigurationList;
			buildConfigurations = (
				7CB862B11F470AA1008F23EC /* Debug */,
				7CB862B21F470AA1008F23EC /* Release */,
			);
			defaultConfigurationIsVisible = 0;
			defaultConfigurationName = Release;
		};
/* End XCConfigurationList section */
	};
	rootObject = 7CB8627A1F470AA0008F23EC /* Project object */;
}
